
Microsoft Visual Studio Solution File, Format Version 12.00
# Visual Studio 14
VisualStudioVersion = 14.0.25420.1
MinimumVisualStudioVersion = 10.0.40219.1
Project("{FAE04EC0-301F-11D3-BF4B-00C04F79EFBC}") = "TestProjBTDFNext", "TestProjBTDFNext\TestProjBTDFNext.btproj", "{F5785D26-E369-4BAC-AAFD-D0D1B3A16EB7}"
EndProject
Project("{2150E333-8FDC-42A3-9474-1A3956D46DE8}") = "Deployment", "Deployment", "{E1B49C9A-59B8-4C04-95AA-6E9EA0407FF3}"
	ProjectSection(SolutionItems) = preProject
		Deployment\Deployment.btdfproj = Deployment\Deployment.btdfproj
		Deployment\InstallWizard.xml = Deployment\InstallWizard.xml
		Deployment\License.rtf = Deployment\License.rtf
		Deployment\PortBindingsMaster.xml = Deployment\PortBindingsMaster.xml
		Deployment\SettingsFileGenerator.xml = Deployment\SettingsFileGenerator.xml
		Deployment\UnInstallWizard.xml = Deployment\UnInstallWizard.xml
	EndProjectSection
EndProject
Global
	GlobalSection(SolutionConfigurationPlatforms) = preSolution
		Debug|Any CPU = Debug|Any CPU
		Release|Any CPU = Release|Any CPU
	EndGlobalSection
	GlobalSection(ProjectConfigurationPlatforms) = postSolution
		{F5785D26-E369-4BAC-AAFD-D0D1B3A16EB7}.Debug|Any CPU.ActiveCfg = Debug|Any CPU
		{F5785D26-E369-4BAC-AAFD-D0D1B3A16EB7}.Debug|Any CPU.Build.0 = Debug|Any CPU
		{F5785D26-E369-4BAC-AAFD-D0D1B3A16EB7}.Debug|Any CPU.Deploy.0 = Debug|Any CPU
		{F5785D26-E369-4BAC-AAFD-D0D1B3A16EB7}.Release|Any CPU.ActiveCfg = Release|Any CPU
		{F5785D26-E369-4BAC-AAFD-D0D1B3A16EB7}.Release|Any CPU.Build.0 = Release|Any CPU
		{F5785D26-E369-4BAC-AAFD-D0D1B3A16EB7}.Release|Any CPU.Deploy.0 = Release|Any CPU
	EndGlobalSection
	GlobalSection(SolutionProperties) = preSolution
		HideSolutionNode = FALSE
	EndGlobalSection
EndGlobal
